
Microsoft Visual Studio Solution File, Format Version 12.00
# Visual Studio Version 16
VisualStudioVersion = 16.0.29318.209
MinimumVisualStudioVersion = 10.0.40219.1
Project("{FAE04EC0-301F-11D3-BF4B-00C04F79EFBC}") = "CustomListClass", "CustomListClass\CustomListClass.csproj", "{79D69CA9-CFDC-4910-8E77-AE7AAA5CE4B5}"
EndProject
Project("{FAE04EC0-301F-11D3-BF4B-00C04F79EFBC}") = "CustomListTests", "CustomListTests\CustomListTests.csproj", "{EDDF7600-9D0E-408D-9AA2-B0AD81587C4C}"
EndProject
Global
	GlobalSection(SolutionConfigurationPlatforms) = preSolution
		Debug|Any CPU = Debug|Any CPU
		Release|Any CPU = Release|Any CPU
	EndGlobalSection
	GlobalSection(ProjectConfigurationPlatforms) = postSolution
		{79D69CA9-CFDC-4910-8E77-AE7AAA5CE4B5}.Debug|Any CPU.ActiveCfg = Debug|Any CPU
		{79D69CA9-CFDC-4910-8E77-AE7AAA5CE4B5}.Debug|Any CPU.Build.0 = Debug|Any CPU
		{79D69CA9-CFDC-4910-8E77-AE7AAA5CE4B5}.Release|Any CPU.ActiveCfg = Release|Any CPU
		{79D69CA9-CFDC-4910-8E77-AE7AAA5CE4B5}.Release|Any CPU.Build.0 = Release|Any CPU
		{EDDF7600-9D0E-408D-9AA2-B0AD81587C4C}.Debug|Any CPU.ActiveCfg = Debug|Any CPU
		{EDDF7600-9D0E-408D-9AA2-B0AD81587C4C}.Debug|Any CPU.Build.0 = Debug|Any CPU
		{EDDF7600-9D0E-408D-9AA2-B0AD81587C4C}.Release|Any CPU.ActiveCfg = Release|Any CPU
		{EDDF7600-9D0E-408D-9AA2-B0AD81587C4C}.Release|Any CPU.Build.0 = Release|Any CPU
	EndGlobalSection
	GlobalSection(SolutionProperties) = preSolution
		HideSolutionNode = FALSE
	EndGlobalSection
	GlobalSection(ExtensibilityGlobals) = postSolution
		SolutionGuid = {EDD98751-758B-4570-B69D-21AD98567E85}
	EndGlobalSection
EndGlobal
